
Microsoft Visual Studio Solution File, Format Version 12.00
# Visual Studio 2013
VisualStudioVersion = 12.0.30723.0
MinimumVisualStudioVersion = 10.0.40219.1
Project("{2150E333-8FDC-42A3-9474-1A3956D46DE8}") = "MyUniversalApp", "MyUniversalApp", "{8E8D8939-D6C3-43DC-860E-A6E2250C1CB4}"
EndProject
Project("{D954291E-2A0B-460D-934E-DC6B0785DB48}") = "MyUniversalApp.Shared", "MyUniversalApp\MyUniversalApp.Shared\MyUniversalApp.Shared.shproj", "{2AD9C43B-08F3-40C5-948E-BF0406B88F8D}"
EndProject
Project("{FAE04EC0-301F-11D3-BF4B-00C04F79EFBC}") = "MyUniversalApp.Windows", "MyUniversalApp\MyUniversalApp.Windows\MyUniversalApp.Windows.csproj", "{B43F6614-34CB-4A75-ACB6-243AC204DE0C}"
EndProject
Project("{FAE04EC0-301F-11D3-BF4B-00C04F79EFBC}") = "MyUniversalApp.WindowsPhone", "MyUniversalApp\MyUniversalApp.WindowsPhone\MyUniversalApp.WindowsPhone.csproj", "{22B13B2B-CD2A-406F-B69F-D34657CE6C11}"
EndProject
Global
	GlobalSection(SharedMSBuildProjectFiles) = preSolution
		MyUniversalApp\MyUniversalApp.Shared\MyUniversalApp.Shared.projitems*{2ad9c43b-08f3-40c5-948e-bf0406b88f8d}*SharedItemsImports = 13
		MyUniversalApp\MyUniversalApp.Shared\MyUniversalApp.Shared.projitems*{b43f6614-34cb-4a75-acb6-243ac204de0c}*SharedItemsImports = 4
		MyUniversalApp\MyUniversalApp.Shared\MyUniversalApp.Shared.projitems*{22b13b2b-cd2a-406f-b69f-d34657ce6c11}*SharedItemsImports = 4
	EndGlobalSection
	GlobalSection(SolutionConfigurationPlatforms) = preSolution
		Debug|Any CPU = Debug|Any CPU
		Debug|ARM = Debug|ARM
		Debug|x64 = Debug|x64
		Debug|x86 = Debug|x86
		Release|Any CPU = Release|Any CPU
		Release|ARM = Release|ARM
		Release|x64 = Release|x64
		Release|x86 = Release|x86
	EndGlobalSection
	GlobalSection(ProjectConfigurationPlatforms) = postSolution
		{B43F6614-34CB-4A75-ACB6-243AC204DE0C}.Debug|Any CPU.ActiveCfg = Debug|Any CPU
		{B43F6614-34CB-4A75-ACB6-243AC204DE0C}.Debug|Any CPU.Build.0 = Debug|Any CPU
		{B43F6614-34CB-4A75-ACB6-243AC204DE0C}.Debug|Any CPU.Deploy.0 = Debug|Any CPU
		{B43F6614-34CB-4A75-ACB6-243AC204DE0C}.Debug|ARM.ActiveCfg = Debug|ARM
		{B43F6614-34CB-4A75-ACB6-243AC204DE0C}.Debug|ARM.Build.0 = Debug|ARM
		{B43F6614-34CB-4A75-ACB6-243AC204DE0C}.Debug|ARM.Deploy.0 = Debug|ARM
		{B43F6614-34CB-4A75-ACB6-243AC204DE0C}.Debug|x64.ActiveCfg = Debug|x64
		{B43F6614-34CB-4A75-ACB6-243AC204DE0C}.Debug|x64.Build.0 = Debug|x64
		{B43F6614-34CB-4A75-ACB6-243AC204DE0C}.Debug|x64.Deploy.0 = Debug|x64
		{B43F6614-34CB-4A75-ACB6-243AC204DE0C}.Debug|x86.ActiveCfg = Debug|x86
		{B43F6614-34CB-4A75-ACB6-243AC204DE0C}.Debug|x86.Build.0 = Debug|x86
		{B43F6614-34CB-4A75-ACB6-243AC204DE0C}.Debug|x86.Deploy.0 = Debug|x86
		{B43F6614-34CB-4A75-ACB6-243AC204DE0C}.Release|Any CPU.ActiveCfg = Release|Any CPU
		{B43F6614-34CB-4A75-ACB6-243AC204DE0C}.Release|Any CPU.Build.0 = Release|Any CPU
		{B43F6614-34CB-4A75-ACB6-243AC204DE0C}.Release|Any CPU.Deploy.0 = Release|Any CPU
		{B43F6614-34CB-4A75-ACB6-243AC204DE0C}.Release|ARM.ActiveCfg = Release|ARM
		{B43F6614-34CB-4A75-ACB6-243AC204DE0C}.Release|ARM.Build.0 = Release|ARM
		{B43F6614-34CB-4A75-ACB6-243AC204DE0C}.Release|ARM.Deploy.0 = Release|ARM
		{B43F6614-34CB-4A75-ACB6-243AC204DE0C}.Release|x64.ActiveCfg = Release|x64
		{B43F6614-34CB-4A75-ACB6-243AC204DE0C}.Release|x64.Build.0 = Release|x64
		{B43F6614-34CB-4A75-ACB6-243AC204DE0C}.Release|x64.Deploy.0 = Release|x64
		{B43F6614-34CB-4A75-ACB6-243AC204DE0C}.Release|x86.ActiveCfg = Release|x86
		{B43F6614-34CB-4A75-ACB6-243AC204DE0C}.Release|x86.Build.0 = Release|x86
		{B43F6614-34CB-4A75-ACB6-243AC204DE0C}.Release|x86.Deploy.0 = Release|x86
		{22B13B2B-CD2A-406F-B69F-D34657CE6C11}.Debug|Any CPU.ActiveCfg = Debug|Any CPU
		{22B13B2B-CD2A-406F-B69F-D34657CE6C11}.Debug|Any CPU.Build.0 = Debug|Any CPU
		{22B13B2B-CD2A-406F-B69F-D34657CE6C11}.Debug|Any CPU.Deploy.0 = Debug|Any CPU
		{22B13B2B-CD2A-406F-B69F-D34657CE6C11}.Debug|ARM.ActiveCfg = Debug|ARM
		{22B13B2B-CD2A-406F-B69F-D34657CE6C11}.Debug|ARM.Build.0 = Debug|ARM
		{22B13B2B-CD2A-406F-B69F-D34657CE6C11}.Debug|ARM.Deploy.0 = Debug|ARM
		{22B13B2B-CD2A-406F-B69F-D34657CE6C11}.Debug|x64.ActiveCfg = Debug|Any CPU
		{22B13B2B-CD2A-406F-B69F-D34657CE6C11}.Debug|x86.ActiveCfg = Debug|x86
		{22B13B2B-CD2A-406F-B69F-D34657CE6C11}.Debug|x86.Build.0 = Debug|x86
		{22B13B2B-CD2A-406F-B69F-D34657CE6C11}.Debug|x86.Deploy.0 = Debug|x86
		{22B13B2B-CD2A-406F-B69F-D34657CE6C11}.Release|Any CPU.ActiveCfg = Release|Any CPU
		{22B13B2B-CD2A-406F-B69F-D34657CE6C11}.Release|Any CPU.Build.0 = Release|Any CPU
		{22B13B2B-CD2A-406F-B69F-D34657CE6C11}.Release|Any CPU.Deploy.0 = Release|Any CPU
		{22B13B2B-CD2A-406F-B69F-D34657CE6C11}.Release|ARM.ActiveCfg = Release|ARM
		{22B13B2B-CD2A-406F-B69F-D34657CE6C11}.Release|ARM.Build.0 = Release|ARM
		{22B13B2B-CD2A-406F-B69F-D34657CE6C11}.Release|ARM.Deploy.0 = Release|ARM
		{22B13B2B-CD2A-406F-B69F-D34657CE6C11}.Release|x64.ActiveCfg = Release|Any CPU
		{22B13B2B-CD2A-406F-B69F-D34657CE6C11}.Release|x86.ActiveCfg = Release|x86
		{22B13B2B-CD2A-406F-B69F-D34657CE6C11}.Release|x86.Build.0 = Release|x86
		{22B13B2B-CD2A-406F-B69F-D34657CE6C11}.Release|x86.Deploy.0 = Release|x86
	EndGlobalSection
	GlobalSection(SolutionProperties) = preSolution
		HideSolutionNode = FALSE
	EndGlobalSection
	GlobalSection(NestedProjects) = preSolution
		{2AD9C43B-08F3-40C5-948E-BF0406B88F8D} = {8E8D8939-D6C3-43DC-860E-A6E2250C1CB4}
		{B43F6614-34CB-4A75-ACB6-243AC204DE0C} = {8E8D8939-D6C3-43DC-860E-A6E2250C1CB4}
		{22B13B2B-CD2A-406F-B69F-D34657CE6C11} = {8E8D8939-D6C3-43DC-860E-A6E2250C1CB4}
	EndGlobalSection
EndGlobal
